
Microsoft Visual Studio Solution File, Format Version 12.00
# Visual Studio Version 16
VisualStudioVersion = 16.0.29926.136
MinimumVisualStudioVersion = 10.0.40219.1
Project("{2150E333-8FDC-42A3-9474-1A3956D46DE8}") = "Core", "Core", "{4E697E0C-7B4D-4C78-863A-567186DF7CF4}"
EndProject
Project("{9A19103F-16F7-4668-BE54-9A1E7A4F7556}") = "Cardinal.AspNetCore", "Core\Cardinal.AspNetCore\Cardinal.AspNetCore.csproj", "{B4E1336F-5AE5-4A1B-83CB-470B6A832225}"
EndProject
Project("{9A19103F-16F7-4668-BE54-9A1E7A4F7556}") = "Cardinal.AspNetCore.Repositories", "Core\Cardinal.AspNetCore.Repositories\Cardinal.AspNetCore.Repositories.csproj", "{82A88C65-B106-45B2-8F60-89C0AA8FD2A1}"
EndProject
Project("{9A19103F-16F7-4668-BE54-9A1E7A4F7556}") = "Cardinal.AspNetCore.Services", "Core\Cardinal.AspNetCore.Services\Cardinal.AspNetCore.Services.csproj", "{C428A785-22E9-460D-A74E-7797BA6F5C83}"
EndProject
Project("{9A19103F-16F7-4668-BE54-9A1E7A4F7556}") = "Cardinal.AspNetCore.Controllers", "Core\Cardinal.AspNetCore.Controllers\Cardinal.AspNetCore.Controllers.csproj", "{336EB846-6E49-4E54-93E5-1F9D924EA054}"
EndProject
Project("{9A19103F-16F7-4668-BE54-9A1E7A4F7556}") = "Cardinal.AspNetCore.WebApi", "Cardinal.AspNetCore.WebApi\Cardinal.AspNetCore.WebApi.csproj", "{877BB5B9-F394-40B0-A628-AE7A8C584313}"
EndProject
Project("{2150E333-8FDC-42A3-9474-1A3956D46DE8}") = "Addons", "Addons", "{898AEA86-5BE4-49F7-BC63-430CE4CFC595}"
EndProject
Project("{9A19103F-16F7-4668-BE54-9A1E7A4F7556}") = "Cardinal.AspNetCore.Identity", "Core\Cardinal.AspNetCore.Identity\Cardinal.AspNetCore.Identity.csproj", "{9878F6CA-6567-4650-8355-5B699937D6DE}"
EndProject
Project("{9A19103F-16F7-4668-BE54-9A1E7A4F7556}") = "Cardinal.AspNetCore.EntityFramework", "Addons\Cardinal.AspNetCore.EntityFramework\Cardinal.AspNetCore.EntityFramework.csproj", "{6041D2B0-1238-47C4-B25E-FACC58ED7AE3}"
EndProject
Project("{2150E333-8FDC-42A3-9474-1A3956D46DE8}") = "Utils", "Utils", "{3E82CDF6-F6C4-4736-84AC-364F6DDF5AEE}"
EndProject
Project("{9A19103F-16F7-4668-BE54-9A1E7A4F7556}") = "Cardinal.Utils", "Utils\Cardinal.Utils\Cardinal.Utils.csproj", "{08D7D72E-4964-4C90-8D49-698DAC15C441}"
EndProject
Project("{9A19103F-16F7-4668-BE54-9A1E7A4F7556}") = "Cardinal.AspNetCore.Utils", "Utils\Cardinal.AspNetCore.Utils\Cardinal.AspNetCore.Utils.csproj", "{0F0104C9-A557-4F8F-9531-5A2E45F4F706}"
EndProject
Project("{2150E333-8FDC-42A3-9474-1A3956D46DE8}") = "Samples", "Samples", "{7AE1D134-3AEF-4BBF-9E1C-08EF8AF0E7C9}"
EndProject
Project("{9A19103F-16F7-4668-BE54-9A1E7A4F7556}") = "Cardinal.AspNetCore.DemoApi", "Samples\Cardinal.AspNetCore.DemoApi\Cardinal.AspNetCore.DemoApi.csproj", "{C4EB8C4A-C689-404F-BC79-EECF51DA3185}"
EndProject
Project("{9A19103F-16F7-4668-BE54-9A1E7A4F7556}") = "Cardinal.AspNetCore.Swagger", "Addons\Cardinal.AspNetCore.Swagger\Cardinal.AspNetCore.Swagger.csproj", "{2BEFE8D3-6A64-47BA-AD21-7F6B6649ECCA}"
EndProject
Project("{9A19103F-16F7-4668-BE54-9A1E7A4F7556}") = "Cardinal.AspNetCore.HealthChecks.Core", "Addons\HealthChecks\Cardinal.AspNetCore.HealthChecks.Core\Cardinal.AspNetCore.HealthChecks.Core.csproj", "{83609FD9-6FFE-44BF-A40C-600068CB225E}"
EndProject
Project("{2150E333-8FDC-42A3-9474-1A3956D46DE8}") = "HealthChecks", "HealthChecks", "{FC350F4D-4A41-43E1-AE7B-4ED07C0A3666}"
EndProject
Project("{9A19103F-16F7-4668-BE54-9A1E7A4F7556}") = "Cardinal.AspNetCore.HealthChecks.SqlServer", "Addons\HealthChecks\Cardinal.AspNetCore.HealthChecks.SqlServer\Cardinal.AspNetCore.HealthChecks.SqlServer.csproj", "{991DC64E-68A8-442C-AD36-B813D833E5FF}"
EndProject
Project("{9A19103F-16F7-4668-BE54-9A1E7A4F7556}") = "Cardinal.AspNetCore.IdentityServer", "Core\Cardinal.AspNetCore.IdentityServer\Cardinal.AspNetCore.IdentityServer.csproj", "{2345BAFA-A621-4B74-BCE4-68385BF83EEB}"
EndProject
Project("{9A19103F-16F7-4668-BE54-9A1E7A4F7556}") = "Cardinal.AspNetCore.EventStore", "Addons\Cardinal.AspNetCore.EventStore\Cardinal.AspNetCore.EventStore.csproj", "{F6F126B4-4D00-4BC3-AE62-7B757ED7265F}"
EndProject
Project("{9A19103F-16F7-4668-BE54-9A1E7A4F7556}") = "Cardinal.AspNetCore.BackgroundServices", "Addons\Cardinal.AspNetCore.BackgroundServices\Cardinal.AspNetCore.BackgroundServices.csproj", "{DA320A5C-6549-4F5B-9EFF-C648576D40C9}"
EndProject
Project("{9A19103F-16F7-4668-BE54-9A1E7A4F7556}") = "Cardinal.AspNetCore.HealthChecks.Identity", "Addons\HealthChecks\Cardinal.AspNetCore.HealthChecks.Identity\Cardinal.AspNetCore.HealthChecks.Identity.csproj", "{CC38F997-47C1-466E-9844-3F9076334A1E}"
EndProject
Project("{9A19103F-16F7-4668-BE54-9A1E7A4F7556}") = "Cardinal.AspNetCore.Ocelot.Swagger", "Addons\Cardinal.AspNetCore.Ocelot.Swagger\Cardinal.AspNetCore.Ocelot.Swagger.csproj", "{E33A89CC-E43A-4863-B91C-1FC386E187BA}"
EndProject
Project("{9A19103F-16F7-4668-BE54-9A1E7A4F7556}") = "Cardinal.AspNetCore.RabbitMQ", "Addons\Cardinal.AspNetCore.RabbitMQ\Cardinal.AspNetCore.RabbitMQ.csproj", "{51209045-CC3F-4BB9-8F3F-A6F7E3FBC489}"
EndProject
Project("{2150E333-8FDC-42A3-9474-1A3956D46DE8}") = "Tests", "Tests", "{7AF3DE69-0242-4AF6-AEAA-37DEFD2F85F1}"
EndProject
Project("{9A19103F-16F7-4668-BE54-9A1E7A4F7556}") = "Cardinal.PwnedPasswords.Test", "Tests\Cardinal.PwnedPasswords.Test\Cardinal.PwnedPasswords.Test.csproj", "{919EA8DB-5825-4A55-B003-C1400BBA5F0B}"
EndProject
Global
	GlobalSection(SolutionConfigurationPlatforms) = preSolution
		Debug|Any CPU = Debug|Any CPU
		Release|Any CPU = Release|Any CPU
	EndGlobalSection
	GlobalSection(ProjectConfigurationPlatforms) = postSolution
		{B4E1336F-5AE5-4A1B-83CB-470B6A832225}.Debug|Any CPU.ActiveCfg = Debug|Any CPU
		{B4E1336F-5AE5-4A1B-83CB-470B6A832225}.Debug|Any CPU.Build.0 = Debug|Any CPU
		{B4E1336F-5AE5-4A1B-83CB-470B6A832225}.Release|Any CPU.ActiveCfg = Release|Any CPU
		{B4E1336F-5AE5-4A1B-83CB-470B6A832225}.Release|Any CPU.Build.0 = Release|Any CPU
		{82A88C65-B106-45B2-8F60-89C0AA8FD2A1}.Debug|Any CPU.ActiveCfg = Debug|Any CPU
		{82A88C65-B106-45B2-8F60-89C0AA8FD2A1}.Debug|Any CPU.Build.0 = Debug|Any CPU
		{82A88C65-B106-45B2-8F60-89C0AA8FD2A1}.Release|Any CPU.ActiveCfg = Release|Any CPU
		{82A88C65-B106-45B2-8F60-89C0AA8FD2A1}.Release|Any CPU.Build.0 = Release|Any CPU
		{C428A785-22E9-460D-A74E-7797BA6F5C83}.Debug|Any CPU.ActiveCfg = Debug|Any CPU
		{C428A785-22E9-460D-A74E-7797BA6F5C83}.Debug|Any CPU.Build.0 = Debug|Any CPU
		{C428A785-22E9-460D-A74E-7797BA6F5C83}.Release|Any CPU.ActiveCfg = Release|Any CPU
		{C428A785-22E9-460D-A74E-7797BA6F5C83}.Release|Any CPU.Build.0 = Release|Any CPU
		{336EB846-6E49-4E54-93E5-1F9D924EA054}.Debug|Any CPU.ActiveCfg = Debug|Any CPU
		{336EB846-6E49-4E54-93E5-1F9D924EA054}.Debug|Any CPU.Build.0 = Debug|Any CPU
		{336EB846-6E49-4E54-93E5-1F9D924EA054}.Release|Any CPU.ActiveCfg = Release|Any CPU
		{336EB846-6E49-4E54-93E5-1F9D924EA054}.Release|Any CPU.Build.0 = Release|Any CPU
		{877BB5B9-F394-40B0-A628-AE7A8C584313}.Debug|Any CPU.ActiveCfg = Debug|Any CPU
		{877BB5B9-F394-40B0-A628-AE7A8C584313}.Debug|Any CPU.Build.0 = Debug|Any CPU
		{877BB5B9-F394-40B0-A628-AE7A8C584313}.Release|Any CPU.ActiveCfg = Release|Any CPU
		{877BB5B9-F394-40B0-A628-AE7A8C584313}.Release|Any CPU.Build.0 = Release|Any CPU
		{9878F6CA-6567-4650-8355-5B699937D6DE}.Debug|Any CPU.ActiveCfg = Debug|Any CPU
		{9878F6CA-6567-4650-8355-5B699937D6DE}.Debug|Any CPU.Build.0 = Debug|Any CPU
		{9878F6CA-6567-4650-8355-5B699937D6DE}.Release|Any CPU.ActiveCfg = Release|Any CPU
		{9878F6CA-6567-4650-8355-5B699937D6DE}.Release|Any CPU.Build.0 = Release|Any CPU
		{6041D2B0-1238-47C4-B25E-FACC58ED7AE3}.Debug|Any CPU.ActiveCfg = Debug|Any CPU
		{6041D2B0-1238-47C4-B25E-FACC58ED7AE3}.Debug|Any CPU.Build.0 = Debug|Any CPU
		{6041D2B0-1238-47C4-B25E-FACC58ED7AE3}.Release|Any CPU.ActiveCfg = Release|Any CPU
		{6041D2B0-1238-47C4-B25E-FACC58ED7AE3}.Release|Any CPU.Build.0 = Release|Any CPU
		{08D7D72E-4964-4C90-8D49-698DAC15C441}.Debug|Any CPU.ActiveCfg = Debug|Any CPU
		{08D7D72E-4964-4C90-8D49-698DAC15C441}.Debug|Any CPU.Build.0 = Debug|Any CPU
		{08D7D72E-4964-4C90-8D49-698DAC15C441}.Release|Any CPU.ActiveCfg = Release|Any CPU
		{08D7D72E-4964-4C90-8D49-698DAC15C441}.Release|Any CPU.Build.0 = Release|Any CPU
		{0F0104C9-A557-4F8F-9531-5A2E45F4F706}.Debug|Any CPU.ActiveCfg = Debug|Any CPU
		{0F0104C9-A557-4F8F-9531-5A2E45F4F706}.Debug|Any CPU.Build.0 = Debug|Any CPU
		{0F0104C9-A557-4F8F-9531-5A2E45F4F706}.Release|Any CPU.ActiveCfg = Release|Any CPU
		{0F0104C9-A557-4F8F-9531-5A2E45F4F706}.Release|Any CPU.Build.0 = Release|Any CPU
		{C4EB8C4A-C689-404F-BC79-EECF51DA3185}.Debug|Any CPU.ActiveCfg = Debug|Any CPU
		{C4EB8C4A-C689-404F-BC79-EECF51DA3185}.Debug|Any CPU.Build.0 = Debug|Any CPU
		{C4EB8C4A-C689-404F-BC79-EECF51DA3185}.Release|Any CPU.ActiveCfg = Release|Any CPU
		{C4EB8C4A-C689-404F-BC79-EECF51DA3185}.Release|Any CPU.Build.0 = Release|Any CPU
		{2BEFE8D3-6A64-47BA-AD21-7F6B6649ECCA}.Debug|Any CPU.ActiveCfg = Debug|Any CPU
		{2BEFE8D3-6A64-47BA-AD21-7F6B6649ECCA}.Debug|Any CPU.Build.0 = Debug|Any CPU
		{2BEFE8D3-6A64-47BA-AD21-7F6B6649ECCA}.Release|Any CPU.ActiveCfg = Release|Any CPU
		{2BEFE8D3-6A64-47BA-AD21-7F6B6649ECCA}.Release|Any CPU.Build.0 = Release|Any CPU
		{83609FD9-6FFE-44BF-A40C-600068CB225E}.Debug|Any CPU.ActiveCfg = Debug|Any CPU
		{83609FD9-6FFE-44BF-A40C-600068CB225E}.Debug|Any CPU.Build.0 = Debug|Any CPU
		{83609FD9-6FFE-44BF-A40C-600068CB225E}.Release|Any CPU.ActiveCfg = Release|Any CPU
		{83609FD9-6FFE-44BF-A40C-600068CB225E}.Release|Any CPU.Build.0 = Release|Any CPU
		{991DC64E-68A8-442C-AD36-B813D833E5FF}.Debug|Any CPU.ActiveCfg = Debug|Any CPU
		{991DC64E-68A8-442C-AD36-B813D833E5FF}.Debug|Any CPU.Build.0 = Debug|Any CPU
		{991DC64E-68A8-442C-AD36-B813D833E5FF}.Release|Any CPU.ActiveCfg = Release|Any CPU
		{991DC64E-68A8-442C-AD36-B813D833E5FF}.Release|Any CPU.Build.0 = Release|Any CPU
		{2345BAFA-A621-4B74-BCE4-68385BF83EEB}.Debug|Any CPU.ActiveCfg = Debug|Any CPU
		{2345BAFA-A621-4B74-BCE4-68385BF83EEB}.Debug|Any CPU.Build.0 = Debug|Any CPU
		{2345BAFA-A621-4B74-BCE4-68385BF83EEB}.Release|Any CPU.ActiveCfg = Release|Any CPU
		{2345BAFA-A621-4B74-BCE4-68385BF83EEB}.Release|Any CPU.Build.0 = Release|Any CPU
		{F6F126B4-4D00-4BC3-AE62-7B757ED7265F}.Debug|Any CPU.ActiveCfg = Debug|Any CPU
		{F6F126B4-4D00-4BC3-AE62-7B757ED7265F}.Debug|Any CPU.Build.0 = Debug|Any CPU
		{F6F126B4-4D00-4BC3-AE62-7B757ED7265F}.Release|Any CPU.ActiveCfg = Release|Any CPU
		{F6F126B4-4D00-4BC3-AE62-7B757ED7265F}.Release|Any CPU.Build.0 = Release|Any CPU
		{DA320A5C-6549-4F5B-9EFF-C648576D40C9}.Debug|Any CPU.ActiveCfg = Debug|Any CPU
		{DA320A5C-6549-4F5B-9EFF-C648576D40C9}.Debug|Any CPU.Build.0 = Debug|Any CPU
		{DA320A5C-6549-4F5B-9EFF-C648576D40C9}.Release|Any CPU.ActiveCfg = Release|Any CPU
		{DA320A5C-6549-4F5B-9EFF-C648576D40C9}.Release|Any CPU.Build.0 = Release|Any CPU
		{CC38F997-47C1-466E-9844-3F9076334A1E}.Debug|Any CPU.ActiveCfg = Debug|Any CPU
		{CC38F997-47C1-466E-9844-3F9076334A1E}.Debug|Any CPU.Build.0 = Debug|Any CPU
		{CC38F997-47C1-466E-9844-3F9076334A1E}.Release|Any CPU.ActiveCfg = Release|Any CPU
		{CC38F997-47C1-466E-9844-3F9076334A1E}.Release|Any CPU.Build.0 = Release|Any CPU
		{E33A89CC-E43A-4863-B91C-1FC386E187BA}.Debug|Any CPU.ActiveCfg = Debug|Any CPU
		{E33A89CC-E43A-4863-B91C-1FC386E187BA}.Debug|Any CPU.Build.0 = Debug|Any CPU
		{E33A89CC-E43A-4863-B91C-1FC386E187BA}.Release|Any CPU.ActiveCfg = Release|Any CPU
		{E33A89CC-E43A-4863-B91C-1FC386E187BA}.Release|Any CPU.Build.0 = Release|Any CPU
		{51209045-CC3F-4BB9-8F3F-A6F7E3FBC489}.Debug|Any CPU.ActiveCfg = Debug|Any CPU
		{51209045-CC3F-4BB9-8F3F-A6F7E3FBC489}.Debug|Any CPU.Build.0 = Debug|Any CPU
		{51209045-CC3F-4BB9-8F3F-A6F7E3FBC489}.Release|Any CPU.ActiveCfg = Release|Any CPU
		{51209045-CC3F-4BB9-8F3F-A6F7E3FBC489}.Release|Any CPU.Build.0 = Release|Any CPU
		{919EA8DB-5825-4A55-B003-C1400BBA5F0B}.Debug|Any CPU.ActiveCfg = Debug|Any CPU
		{919EA8DB-5825-4A55-B003-C1400BBA5F0B}.Debug|Any CPU.Build.0 = Debug|Any CPU
		{919EA8DB-5825-4A55-B003-C1400BBA5F0B}.Release|Any CPU.ActiveCfg = Release|Any CPU
		{919EA8DB-5825-4A55-B003-C1400BBA5F0B}.Release|Any CPU.Build.0 = Release|Any CPU
	EndGlobalSection
	GlobalSection(SolutionProperties) = preSolution
		HideSolutionNode = FALSE
	EndGlobalSection
	GlobalSection(NestedProjects) = preSolution
		{B4E1336F-5AE5-4A1B-83CB-470B6A832225} = {4E697E0C-7B4D-4C78-863A-567186DF7CF4}
		{82A88C65-B106-45B2-8F60-89C0AA8FD2A1} = {4E697E0C-7B4D-4C78-863A-567186DF7CF4}
		{C428A785-22E9-460D-A74E-7797BA6F5C83} = {4E697E0C-7B4D-4C78-863A-567186DF7CF4}
		{336EB846-6E49-4E54-93E5-1F9D924EA054} = {4E697E0C-7B4D-4C78-863A-567186DF7CF4}
		{9878F6CA-6567-4650-8355-5B699937D6DE} = {4E697E0C-7B4D-4C78-863A-567186DF7CF4}
		{6041D2B0-1238-47C4-B25E-FACC58ED7AE3} = {898AEA86-5BE4-49F7-BC63-430CE4CFC595}
		{08D7D72E-4964-4C90-8D49-698DAC15C441} = {3E82CDF6-F6C4-4736-84AC-364F6DDF5AEE}
		{0F0104C9-A557-4F8F-9531-5A2E45F4F706} = {3E82CDF6-F6C4-4736-84AC-364F6DDF5AEE}
		{C4EB8C4A-C689-404F-BC79-EECF51DA3185} = {7AE1D134-3AEF-4BBF-9E1C-08EF8AF0E7C9}
		{2BEFE8D3-6A64-47BA-AD21-7F6B6649ECCA} = {898AEA86-5BE4-49F7-BC63-430CE4CFC595}
		{83609FD9-6FFE-44BF-A40C-600068CB225E} = {FC350F4D-4A41-43E1-AE7B-4ED07C0A3666}
		{FC350F4D-4A41-43E1-AE7B-4ED07C0A3666} = {898AEA86-5BE4-49F7-BC63-430CE4CFC595}
		{991DC64E-68A8-442C-AD36-B813D833E5FF} = {FC350F4D-4A41-43E1-AE7B-4ED07C0A3666}
		{2345BAFA-A621-4B74-BCE4-68385BF83EEB} = {4E697E0C-7B4D-4C78-863A-567186DF7CF4}
		{F6F126B4-4D00-4BC3-AE62-7B757ED7265F} = {898AEA86-5BE4-49F7-BC63-430CE4CFC595}
		{DA320A5C-6549-4F5B-9EFF-C648576D40C9} = {898AEA86-5BE4-49F7-BC63-430CE4CFC595}
		{CC38F997-47C1-466E-9844-3F9076334A1E} = {FC350F4D-4A41-43E1-AE7B-4ED07C0A3666}
		{E33A89CC-E43A-4863-B91C-1FC386E187BA} = {898AEA86-5BE4-49F7-BC63-430CE4CFC595}
		{51209045-CC3F-4BB9-8F3F-A6F7E3FBC489} = {898AEA86-5BE4-49F7-BC63-430CE4CFC595}
		{919EA8DB-5825-4A55-B003-C1400BBA5F0B} = {7AF3DE69-0242-4AF6-AEAA-37DEFD2F85F1}
	EndGlobalSection
	GlobalSection(ExtensibilityGlobals) = postSolution
		SolutionGuid = {66289424-587D-47FF-B04F-1F18A2EE0288}
	EndGlobalSection
EndGlobal
