
Microsoft Visual Studio Solution File, Format Version 12.00
# Visual Studio Version 16
VisualStudioVersion = 16.0.29926.136
MinimumVisualStudioVersion = 10.0.40219.1
Project("{2150E333-8FDC-42A3-9474-1A3956D46DE8}") = "Core", "Core", "{4E697E0C-7B4D-4C78-863A-567186DF7CF4}"
EndProject
Project("{9A19103F-16F7-4668-BE54-9A1E7A4F7556}") = "Cardinal.AspNetCore", "Core\Cardinal.AspNetCore\Cardinal.AspNetCore.csproj", "{B4E1336F-5AE5-4A1B-83CB-470B6A832225}"
EndProject
Project("{9A19103F-16F7-4668-BE54-9A1E7A4F7556}") = "Cardinal.AspNetCore.Repositories", "Core\Cardinal.AspNetCore.Repositories\Cardinal.AspNetCore.Repositories.csproj", "{82A88C65-B106-45B2-8F60-89C0AA8FD2A1}"
EndProject
Project("{9A19103F-16F7-4668-BE54-9A1E7A4F7556}") = "Cardinal.AspNetCore.Services", "Core\Cardinal.AspNetCore.Services\Cardinal.AspNetCore.Services.csproj", "{C428A785-22E9-460D-A74E-7797BA6F5C83}"
EndProject
Project("{9A19103F-16F7-4668-BE54-9A1E7A4F7556}") = "Cardinal.AspNetCore.Controllers", "Core\Cardinal.AspNetCore.Controllers\Cardinal.AspNetCore.Controllers.csproj", "{336EB846-6E49-4E54-93E5-1F9D924EA054}"
EndProject
Project("{9A19103F-16F7-4668-BE54-9A1E7A4F7556}") = "Cardinal.AspNetCore.WebApi", "Cardinal.AspNetCore.WebApi\Cardinal.AspNetCore.WebApi.csproj", "{877BB5B9-F394-40B0-A628-AE7A8C584313}"
EndProject
Project("{2150E333-8FDC-42A3-9474-1A3956D46DE8}") = "Addons", "Addons", "{898AEA86-5BE4-49F7-BC63-430CE4CFC595}"
EndProject
Project("{9A19103F-16F7-4668-BE54-9A1E7A4F7556}") = "Cardinal.AspNetCore.Serilog", "Addons\Cardinal.AspNetCore.Serilog\Cardinal.AspNetCore.Serilog.csproj", "{B6B05FBF-BD74-4482-A7B1-A867DE4169DC}"
EndProject
Project("{9A19103F-16F7-4668-BE54-9A1E7A4F7556}") = "Cardinal.AspNetCore.Identity", "Core\Cardinal.AspNetCore.Identity\Cardinal.AspNetCore.Identity.csproj", "{9878F6CA-6567-4650-8355-5B699937D6DE}"
EndProject
Project("{FAE04EC0-301F-11D3-BF4B-00C04F79EFBC}") = "Cardinal.AspNetCore.EntityFramework", "Addons\Cardinal.AspNetCore.EntityFramework\Cardinal.AspNetCore.EntityFramework.csproj", "{6041D2B0-1238-47C4-B25E-FACC58ED7AE3}"
EndProject
Global
	GlobalSection(SolutionConfigurationPlatforms) = preSolution
		Debug|Any CPU = Debug|Any CPU
		Release|Any CPU = Release|Any CPU
	EndGlobalSection
	GlobalSection(ProjectConfigurationPlatforms) = postSolution
		{B4E1336F-5AE5-4A1B-83CB-470B6A832225}.Debug|Any CPU.ActiveCfg = Debug|Any CPU
		{B4E1336F-5AE5-4A1B-83CB-470B6A832225}.Debug|Any CPU.Build.0 = Debug|Any CPU
		{B4E1336F-5AE5-4A1B-83CB-470B6A832225}.Release|Any CPU.ActiveCfg = Release|Any CPU
		{B4E1336F-5AE5-4A1B-83CB-470B6A832225}.Release|Any CPU.Build.0 = Release|Any CPU
		{82A88C65-B106-45B2-8F60-89C0AA8FD2A1}.Debug|Any CPU.ActiveCfg = Debug|Any CPU
		{82A88C65-B106-45B2-8F60-89C0AA8FD2A1}.Debug|Any CPU.Build.0 = Debug|Any CPU
		{82A88C65-B106-45B2-8F60-89C0AA8FD2A1}.Release|Any CPU.ActiveCfg = Release|Any CPU
		{82A88C65-B106-45B2-8F60-89C0AA8FD2A1}.Release|Any CPU.Build.0 = Release|Any CPU
		{C428A785-22E9-460D-A74E-7797BA6F5C83}.Debug|Any CPU.ActiveCfg = Debug|Any CPU
		{C428A785-22E9-460D-A74E-7797BA6F5C83}.Debug|Any CPU.Build.0 = Debug|Any CPU
		{C428A785-22E9-460D-A74E-7797BA6F5C83}.Release|Any CPU.ActiveCfg = Release|Any CPU
		{C428A785-22E9-460D-A74E-7797BA6F5C83}.Release|Any CPU.Build.0 = Release|Any CPU
		{336EB846-6E49-4E54-93E5-1F9D924EA054}.Debug|Any CPU.ActiveCfg = Debug|Any CPU
		{336EB846-6E49-4E54-93E5-1F9D924EA054}.Debug|Any CPU.Build.0 = Debug|Any CPU
		{336EB846-6E49-4E54-93E5-1F9D924EA054}.Release|Any CPU.ActiveCfg = Release|Any CPU
		{336EB846-6E49-4E54-93E5-1F9D924EA054}.Release|Any CPU.Build.0 = Release|Any CPU
		{877BB5B9-F394-40B0-A628-AE7A8C584313}.Debug|Any CPU.ActiveCfg = Debug|Any CPU
		{877BB5B9-F394-40B0-A628-AE7A8C584313}.Debug|Any CPU.Build.0 = Debug|Any CPU
		{877BB5B9-F394-40B0-A628-AE7A8C584313}.Release|Any CPU.ActiveCfg = Release|Any CPU
		{877BB5B9-F394-40B0-A628-AE7A8C584313}.Release|Any CPU.Build.0 = Release|Any CPU
		{B6B05FBF-BD74-4482-A7B1-A867DE4169DC}.Debug|Any CPU.ActiveCfg = Debug|Any CPU
		{B6B05FBF-BD74-4482-A7B1-A867DE4169DC}.Debug|Any CPU.Build.0 = Debug|Any CPU
		{B6B05FBF-BD74-4482-A7B1-A867DE4169DC}.Release|Any CPU.ActiveCfg = Release|Any CPU
		{B6B05FBF-BD74-4482-A7B1-A867DE4169DC}.Release|Any CPU.Build.0 = Release|Any CPU
		{9878F6CA-6567-4650-8355-5B699937D6DE}.Debug|Any CPU.ActiveCfg = Debug|Any CPU
		{9878F6CA-6567-4650-8355-5B699937D6DE}.Debug|Any CPU.Build.0 = Debug|Any CPU
		{9878F6CA-6567-4650-8355-5B699937D6DE}.Release|Any CPU.ActiveCfg = Release|Any CPU
		{9878F6CA-6567-4650-8355-5B699937D6DE}.Release|Any CPU.Build.0 = Release|Any CPU
		{6041D2B0-1238-47C4-B25E-FACC58ED7AE3}.Debug|Any CPU.ActiveCfg = Debug|Any CPU
		{6041D2B0-1238-47C4-B25E-FACC58ED7AE3}.Debug|Any CPU.Build.0 = Debug|Any CPU
		{6041D2B0-1238-47C4-B25E-FACC58ED7AE3}.Release|Any CPU.ActiveCfg = Release|Any CPU
		{6041D2B0-1238-47C4-B25E-FACC58ED7AE3}.Release|Any CPU.Build.0 = Release|Any CPU
	EndGlobalSection
	GlobalSection(SolutionProperties) = preSolution
		HideSolutionNode = FALSE
	EndGlobalSection
	GlobalSection(NestedProjects) = preSolution
		{B4E1336F-5AE5-4A1B-83CB-470B6A832225} = {4E697E0C-7B4D-4C78-863A-567186DF7CF4}
		{82A88C65-B106-45B2-8F60-89C0AA8FD2A1} = {4E697E0C-7B4D-4C78-863A-567186DF7CF4}
		{C428A785-22E9-460D-A74E-7797BA6F5C83} = {4E697E0C-7B4D-4C78-863A-567186DF7CF4}
		{336EB846-6E49-4E54-93E5-1F9D924EA054} = {4E697E0C-7B4D-4C78-863A-567186DF7CF4}
		{B6B05FBF-BD74-4482-A7B1-A867DE4169DC} = {898AEA86-5BE4-49F7-BC63-430CE4CFC595}
		{9878F6CA-6567-4650-8355-5B699937D6DE} = {4E697E0C-7B4D-4C78-863A-567186DF7CF4}
		{6041D2B0-1238-47C4-B25E-FACC58ED7AE3} = {898AEA86-5BE4-49F7-BC63-430CE4CFC595}
	EndGlobalSection
	GlobalSection(ExtensibilityGlobals) = postSolution
		SolutionGuid = {66289424-587D-47FF-B04F-1F18A2EE0288}
	EndGlobalSection
EndGlobal
